
Microsoft Visual Studio Solution File, Format Version 12.00
# Visual Studio 15
VisualStudioVersion = 15.0.28307.168
MinimumVisualStudioVersion = 10.0.40219.1
Project("{FAE04EC0-301F-11D3-BF4B-00C04F79EFBC}") = "neotest", "neotest\neotest.csproj", "{633D8666-2B22-4A21-A5D3-D792695FF107}"
EndProject
Global
	GlobalSection(SolutionConfigurationPlatforms) = preSolution
		Debug|Any CPU = Debug|Any CPU
		Release|Any CPU = Release|Any CPU
	EndGlobalSection
	GlobalSection(ProjectConfigurationPlatforms) = postSolution
		{633D8666-2B22-4A21-A5D3-D792695FF107}.Debug|Any CPU.ActiveCfg = Debug|Any CPU
		{633D8666-2B22-4A21-A5D3-D792695FF107}.Debug|Any CPU.Build.0 = Debug|Any CPU
		{633D8666-2B22-4A21-A5D3-D792695FF107}.Release|Any CPU.ActiveCfg = Release|Any CPU
		{633D8666-2B22-4A21-A5D3-D792695FF107}.Release|Any CPU.Build.0 = Release|Any CPU
	EndGlobalSection
	GlobalSection(SolutionProperties) = preSolution
		HideSolutionNode = FALSE
	EndGlobalSection
	GlobalSection(ExtensibilityGlobals) = postSolution
		SolutionGuid = {03C7F9A4-6939-46B6-85E3-1F808087053E}
	EndGlobalSection
EndGlobal
